
Microsoft Visual Studio Solution File, Format Version 12.00
# Visual Studio Version 17
VisualStudioVersion = 17.7.34031.279
MinimumVisualStudioVersion = 10.0.40219.1
Project("{2150E333-8FDC-42A3-9474-1A3956D46DE8}") = "Services", "Services", "{ACA04614-D966-4916-B72E-6E7338AE3D3B}"
EndProject
Project("{2150E333-8FDC-42A3-9474-1A3956D46DE8}") = "Catalog", "Catalog", "{9D0BDFFF-6805-4E42-882D-45C8B735F725}"
EndProject
Project("{9A19103F-16F7-4668-BE54-9A1E7A4F7556}") = "Catalog.API", "Services\Catalog\Catalog.API\Catalog.API.csproj", "{9FE92998-2423-49A9-8D38-F13C82B73160}"
EndProject
Project("{E53339B2-1760-4266-BCC7-CA923CBCF16C}") = "docker-compose", "docker-compose.dcproj", "{EFF77ABC-3E9C-4F92-A646-8F1ED0CB1D16}"
EndProject
Project("{2150E333-8FDC-42A3-9474-1A3956D46DE8}") = "Basket", "Basket", "{160CFE12-975B-4DBE-B7DB-E8C26D7DE7C0}"
EndProject
Project("{FAE04EC0-301F-11D3-BF4B-00C04F79EFBC}") = "Basket.API", "..\Basket.API\Basket.API.csproj", "{453F6361-0095-4CDC-96ED-D457A0490026}"
EndProject
Global
	GlobalSection(SolutionConfigurationPlatforms) = preSolution
		Debug|Any CPU = Debug|Any CPU
		Release|Any CPU = Release|Any CPU
	EndGlobalSection
	GlobalSection(ProjectConfigurationPlatforms) = postSolution
		{9FE92998-2423-49A9-8D38-F13C82B73160}.Debug|Any CPU.ActiveCfg = Debug|Any CPU
		{9FE92998-2423-49A9-8D38-F13C82B73160}.Debug|Any CPU.Build.0 = Debug|Any CPU
		{9FE92998-2423-49A9-8D38-F13C82B73160}.Release|Any CPU.ActiveCfg = Release|Any CPU
		{9FE92998-2423-49A9-8D38-F13C82B73160}.Release|Any CPU.Build.0 = Release|Any CPU
		{EFF77ABC-3E9C-4F92-A646-8F1ED0CB1D16}.Debug|Any CPU.ActiveCfg = Debug|Any CPU
		{EFF77ABC-3E9C-4F92-A646-8F1ED0CB1D16}.Debug|Any CPU.Build.0 = Debug|Any CPU
		{EFF77ABC-3E9C-4F92-A646-8F1ED0CB1D16}.Release|Any CPU.ActiveCfg = Release|Any CPU
		{EFF77ABC-3E9C-4F92-A646-8F1ED0CB1D16}.Release|Any CPU.Build.0 = Release|Any CPU
		{453F6361-0095-4CDC-96ED-D457A0490026}.Debug|Any CPU.ActiveCfg = Debug|Any CPU
		{453F6361-0095-4CDC-96ED-D457A0490026}.Debug|Any CPU.Build.0 = Debug|Any CPU
		{453F6361-0095-4CDC-96ED-D457A0490026}.Release|Any CPU.ActiveCfg = Release|Any CPU
		{453F6361-0095-4CDC-96ED-D457A0490026}.Release|Any CPU.Build.0 = Release|Any CPU
	EndGlobalSection
	GlobalSection(SolutionProperties) = preSolution
		HideSolutionNode = FALSE
	EndGlobalSection
	GlobalSection(NestedProjects) = preSolution
		{9D0BDFFF-6805-4E42-882D-45C8B735F725} = {ACA04614-D966-4916-B72E-6E7338AE3D3B}
		{9FE92998-2423-49A9-8D38-F13C82B73160} = {9D0BDFFF-6805-4E42-882D-45C8B735F725}
		{160CFE12-975B-4DBE-B7DB-E8C26D7DE7C0} = {ACA04614-D966-4916-B72E-6E7338AE3D3B}
		{453F6361-0095-4CDC-96ED-D457A0490026} = {160CFE12-975B-4DBE-B7DB-E8C26D7DE7C0}
	EndGlobalSection
	GlobalSection(ExtensibilityGlobals) = postSolution
		SolutionGuid = {BC708080-01FF-4D12-A21A-D9125724011B}
	EndGlobalSection
EndGlobal
